
Microsoft Visual Studio Solution File, Format Version 12.00
# Visual Studio 14
VisualStudioVersion = 14.0.25123.0
MinimumVisualStudioVersion = 10.0.40219.1
Project("{FAE04EC0-301F-11D3-BF4B-00C04F79EFBC}") = "EditorVisualPokemonErrante", "EditorVisualPokemonErrante\EditorVisualPokemonErrante.csproj", "{B4793B49-2852-4B33-81A4-3F3EDC1ED2F7}"
EndProject
Project("{FAE04EC0-301F-11D3-BF4B-00C04F79EFBC}") = "Gabriel.Cat.Utilitats", "..\Gabriel.Cat.Utilitats\Gabriel.Cat.Utilitats\Gabriel.Cat.Utilitats.csproj", "{6FDF9BB1-AE07-4820-BEEE-A2F52CFBE770}"
EndProject
Project("{FAE04EC0-301F-11D3-BF4B-00C04F79EFBC}") = "Gabriel.Cat.Wpf", "..\Gabriel.Cat.Wpf\Gabriel.Cat.Wpf\Gabriel.Cat.Wpf.csproj", "{3933330C-B76A-4076-92EA-01F7A6DDA58E}"
EndProject
Project("{FAE04EC0-301F-11D3-BF4B-00C04F79EFBC}") = "PokemonGBAFrameWork", "..\PokemonGBAFrameWork\PokemonGBAFrameWork\PokemonGBAFrameWork.csproj", "{42256C23-1E9B-41E5-A5DA-D3C6AF6B824D}"
EndProject
Global
	GlobalSection(SolutionConfigurationPlatforms) = preSolution
		Debug|Any CPU = Debug|Any CPU
		Release|Any CPU = Release|Any CPU
	EndGlobalSection
	GlobalSection(ProjectConfigurationPlatforms) = postSolution
		{B4793B49-2852-4B33-81A4-3F3EDC1ED2F7}.Debug|Any CPU.ActiveCfg = Debug|Any CPU
		{B4793B49-2852-4B33-81A4-3F3EDC1ED2F7}.Debug|Any CPU.Build.0 = Debug|Any CPU
		{B4793B49-2852-4B33-81A4-3F3EDC1ED2F7}.Release|Any CPU.ActiveCfg = Release|Any CPU
		{B4793B49-2852-4B33-81A4-3F3EDC1ED2F7}.Release|Any CPU.Build.0 = Release|Any CPU
		{6FDF9BB1-AE07-4820-BEEE-A2F52CFBE770}.Debug|Any CPU.ActiveCfg = Debug|Any CPU
		{6FDF9BB1-AE07-4820-BEEE-A2F52CFBE770}.Debug|Any CPU.Build.0 = Debug|Any CPU
		{6FDF9BB1-AE07-4820-BEEE-A2F52CFBE770}.Release|Any CPU.ActiveCfg = Release|Any CPU
		{6FDF9BB1-AE07-4820-BEEE-A2F52CFBE770}.Release|Any CPU.Build.0 = Release|Any CPU
		{3933330C-B76A-4076-92EA-01F7A6DDA58E}.Debug|Any CPU.ActiveCfg = Debug|Any CPU
		{3933330C-B76A-4076-92EA-01F7A6DDA58E}.Debug|Any CPU.Build.0 = Debug|Any CPU
		{3933330C-B76A-4076-92EA-01F7A6DDA58E}.Release|Any CPU.ActiveCfg = Release|Any CPU
		{3933330C-B76A-4076-92EA-01F7A6DDA58E}.Release|Any CPU.Build.0 = Release|Any CPU
		{42256C23-1E9B-41E5-A5DA-D3C6AF6B824D}.Debug|Any CPU.ActiveCfg = Debug|Any CPU
		{42256C23-1E9B-41E5-A5DA-D3C6AF6B824D}.Debug|Any CPU.Build.0 = Debug|Any CPU
		{42256C23-1E9B-41E5-A5DA-D3C6AF6B824D}.Release|Any CPU.ActiveCfg = Release|Any CPU
		{42256C23-1E9B-41E5-A5DA-D3C6AF6B824D}.Release|Any CPU.Build.0 = Release|Any CPU
	EndGlobalSection
	GlobalSection(SolutionProperties) = preSolution
		HideSolutionNode = FALSE
	EndGlobalSection
EndGlobal
